
Microsoft Visual Studio Solution File, Format Version 12.00
# Visual Studio 15
VisualStudioVersion = 15.0.26403.7
MinimumVisualStudioVersion = 10.0.40219.1
Project("{9A19103F-16F7-4668-BE54-9A1E7A4F7556}") = "HomeMonitorWeb", "HomeMonitorWeb\HomeMonitorWeb.csproj", "{D9F2F07A-2A40-4F0A-8848-3AE0946B7B1F}"
EndProject
Project("{FAE04EC0-301F-11D3-BF4B-00C04F79EFBC}") = "HomeMonitor.Library", "HomeMonitor.Library\HomeMonitor.Library.csproj", "{4433D219-B3E2-4758-B14E-9BFBD4777C1A}"
EndProject
Project("{FAE04EC0-301F-11D3-BF4B-00C04F79EFBC}") = "HomeMonitor.Tests", "HomeMonitor.Tests\HomeMonitor.Tests.csproj", "{E402D8F3-1BD5-4B51-827F-740FB0DBC386}"
EndProject
Project("{FAE04EC0-301F-11D3-BF4B-00C04F79EFBC}") = "HomeMonitorWebPresentation", "HomeMonitorWebPresentation\HomeMonitorWebPresentation.csproj", "{E68C70A8-3042-4802-A23B-1EC1EB5CAB22}"
EndProject
Global
	GlobalSection(SolutionConfigurationPlatforms) = preSolution
		Debug|Any CPU = Debug|Any CPU
		Release|Any CPU = Release|Any CPU
	EndGlobalSection
	GlobalSection(ProjectConfigurationPlatforms) = postSolution
		{D9F2F07A-2A40-4F0A-8848-3AE0946B7B1F}.Debug|Any CPU.ActiveCfg = Debug|Any CPU
		{D9F2F07A-2A40-4F0A-8848-3AE0946B7B1F}.Debug|Any CPU.Build.0 = Debug|Any CPU
		{D9F2F07A-2A40-4F0A-8848-3AE0946B7B1F}.Release|Any CPU.ActiveCfg = Release|Any CPU
		{D9F2F07A-2A40-4F0A-8848-3AE0946B7B1F}.Release|Any CPU.Build.0 = Release|Any CPU
		{4433D219-B3E2-4758-B14E-9BFBD4777C1A}.Debug|Any CPU.ActiveCfg = Debug|Any CPU
		{4433D219-B3E2-4758-B14E-9BFBD4777C1A}.Debug|Any CPU.Build.0 = Debug|Any CPU
		{4433D219-B3E2-4758-B14E-9BFBD4777C1A}.Release|Any CPU.ActiveCfg = Release|Any CPU
		{4433D219-B3E2-4758-B14E-9BFBD4777C1A}.Release|Any CPU.Build.0 = Release|Any CPU
		{E402D8F3-1BD5-4B51-827F-740FB0DBC386}.Debug|Any CPU.ActiveCfg = Debug|Any CPU
		{E402D8F3-1BD5-4B51-827F-740FB0DBC386}.Debug|Any CPU.Build.0 = Debug|Any CPU
		{E402D8F3-1BD5-4B51-827F-740FB0DBC386}.Release|Any CPU.ActiveCfg = Release|Any CPU
		{E402D8F3-1BD5-4B51-827F-740FB0DBC386}.Release|Any CPU.Build.0 = Release|Any CPU
		{E68C70A8-3042-4802-A23B-1EC1EB5CAB22}.Debug|Any CPU.ActiveCfg = Debug|Any CPU
		{E68C70A8-3042-4802-A23B-1EC1EB5CAB22}.Debug|Any CPU.Build.0 = Debug|Any CPU
		{E68C70A8-3042-4802-A23B-1EC1EB5CAB22}.Release|Any CPU.ActiveCfg = Release|Any CPU
		{E68C70A8-3042-4802-A23B-1EC1EB5CAB22}.Release|Any CPU.Build.0 = Release|Any CPU
	EndGlobalSection
	GlobalSection(SolutionProperties) = preSolution
		HideSolutionNode = FALSE
	EndGlobalSection
EndGlobal
